
Microsoft Visual Studio Solution File, Format Version 12.00
# Visual Studio Version 16
VisualStudioVersion = 16.0.31424.327
MinimumVisualStudioVersion = 10.0.40219.1
Project("{FAE04EC0-301F-11D3-BF4B-00C04F79EFBC}") = "Week2Day5", "Week2Day5\Week2Day5.csproj", "{B6EF742E-F7CC-49DA-B186-9ECD022E4751}"
EndProject
Global
	GlobalSection(SolutionConfigurationPlatforms) = preSolution
		Debug|Any CPU = Debug|Any CPU
		Release|Any CPU = Release|Any CPU
	EndGlobalSection
	GlobalSection(ProjectConfigurationPlatforms) = postSolution
		{B6EF742E-F7CC-49DA-B186-9ECD022E4751}.Debug|Any CPU.ActiveCfg = Debug|Any CPU
		{B6EF742E-F7CC-49DA-B186-9ECD022E4751}.Debug|Any CPU.Build.0 = Debug|Any CPU
		{B6EF742E-F7CC-49DA-B186-9ECD022E4751}.Release|Any CPU.ActiveCfg = Release|Any CPU
		{B6EF742E-F7CC-49DA-B186-9ECD022E4751}.Release|Any CPU.Build.0 = Release|Any CPU
	EndGlobalSection
	GlobalSection(SolutionProperties) = preSolution
		HideSolutionNode = FALSE
	EndGlobalSection
	GlobalSection(ExtensibilityGlobals) = postSolution
		SolutionGuid = {FF301CB5-F107-4E94-8262-61058C0062E2}
	EndGlobalSection
EndGlobal
